
Microsoft Visual Studio Solution File, Format Version 12.00
# Visual Studio Version 17
VisualStudioVersion = 17.14.36930.0 d17.14
MinimumVisualStudioVersion = 10.0.40219.1
Project("{FAE04EC0-301F-11D3-BF4B-00C04F79EFBC}") = "WPFGame", "WPFGame\WPFGame.csproj", "{C095A5C8-F745-48E5-9018-2D6DBCACD8CF}"
EndProject
Global
	GlobalSection(SolutionConfigurationPlatforms) = preSolution
		Debug|Any CPU = Debug|Any CPU
		Release|Any CPU = Release|Any CPU
	EndGlobalSection
	GlobalSection(ProjectConfigurationPlatforms) = postSolution
		{C095A5C8-F745-48E5-9018-2D6DBCACD8CF}.Debug|Any CPU.ActiveCfg = Debug|Any CPU
		{C095A5C8-F745-48E5-9018-2D6DBCACD8CF}.Debug|Any CPU.Build.0 = Debug|Any CPU
		{C095A5C8-F745-48E5-9018-2D6DBCACD8CF}.Release|Any CPU.ActiveCfg = Release|Any CPU
		{C095A5C8-F745-48E5-9018-2D6DBCACD8CF}.Release|Any CPU.Build.0 = Release|Any CPU
	EndGlobalSection
	GlobalSection(SolutionProperties) = preSolution
		HideSolutionNode = FALSE
	EndGlobalSection
	GlobalSection(ExtensibilityGlobals) = postSolution
		SolutionGuid = {9507AA19-12FB-4E0D-B521-AB97F613A648}
	EndGlobalSection
EndGlobal
